// !$*UTF8*$!
{
	archiveVersion = 1;
	classes = {
	};
	objectVersion = 46;
	objects = {

/* Begin PBXBuildFile section */
		AC6C1F8AAACEFBF7779C8364 /* libPods.a in Frameworks */ = {isa = PBXBuildFile; fileRef = 55987AF43D7F7963D63A6F84 /* libPods.a */; };
		EEC5DB0D1CD7EED700705D4E /* main.m in Sources */ = {isa = PBXBuildFile; fileRef = EEC5DB0C1CD7EED700705D4E /* main.m */; };
		EEC5DB101CD7EED700705D4E /* AppDelegate.m in Sources */ = {isa = PBXBuildFile; fileRef = EEC5DB0F1CD7EED700705D4E /* AppDelegate.m */; };
		EEC5DB131CD7EED700705D4E /* ViewController.m in Sources */ = {isa = PBXBuildFile; fileRef = EEC5DB121CD7EED700705D4E /* ViewController.m */; };
		EEC5DB161CD7EED700705D4E /* Main.storyboard in Resources */ = {isa = PBXBuildFile; fileRef = EEC5DB141CD7EED700705D4E /* Main.storyboard */; };
		EEC5DB181CD7EED700705D4E /* Assets.xcassets in Resources */ = {isa = PBXBuildFile; fileRef = EEC5DB171CD7EED700705D4E /* Assets.xcassets */; };
		EEC5DB1B1CD7EED700705D4E /* LaunchScreen.storyboard in Resources */ = {isa = PBXBuildFile; fileRef = EEC5DB191CD7EED700705D4E /* LaunchScreen.storyboard */; };
		EED4F0DA1CD97BCB0054D4DC /* CoreLocation.framework in Frameworks */ = {isa = PBXBuildFile; fileRef = EED4F0D91CD97BCB0054D4DC /* CoreLocation.framework */; };
		EEF9C80C1CD96B6A0080528E /* DefaultTheme.bundle in Resources */ = {isa = PBXBuildFile; fileRef = EEF9C8091CD96B6A0080528E /* DefaultTheme.bundle */; };
		EEF9C80D1CD96B6A0080528E /* Notificare.plist in Resources */ = {isa = PBXBuildFile; fileRef = EEF9C80A1CD96B6A0080528E /* Notificare.plist */; };
		EEF9C80E1CD96B6A0080528E /* NotificareTags.plist in Resources */ = {isa = PBXBuildFile; fileRef = EEF9C80B1CD96B6A0080528E /* NotificareTags.plist */; };
/* End PBXBuildFile section */

/* Begin PBXFileReference section */
		55987AF43D7F7963D63A6F84 /* libPods.a */ = {isa = PBXFileReference; explicitFileType = archive.ar; includeInIndex = 0; path = libPods.a; sourceTree = BUILT_PRODUCTS_DIR; };
		E9ACE225F2C18C595E21A028 /* Pods.debug.xcconfig */ = {isa = PBXFileReference; includeInIndex = 1; lastKnownFileType = text.xcconfig; name = Pods.debug.xcconfig; path = "Pods/Target Support Files/Pods/Pods.debug.xcconfig"; sourceTree = "<group>"; };
		EEC5DB081CD7EED700705D4E /* Mapper.app */ = {isa = PBXFileReference; explicitFileType = wrapper.application; includeInIndex = 0; path = Mapper.app; sourceTree = BUILT_PRODUCTS_DIR; };
		EEC5DB0C1CD7EED700705D4E /* main.m */ = {isa = PBXFileReference; lastKnownFileType = sourcecode.c.objc; path = main.m; sourceTree = "<group>"; };
		EEC5DB0E1CD7EED700705D4E /* AppDelegate.h */ = {isa = PBXFileReference; lastKnownFileType = sourcecode.c.h; path = AppDelegate.h; sourceTree = "<group>"; };
		EEC5DB0F1CD7EED700705D4E /* AppDelegate.m */ = {isa = PBXFileReference; lastKnownFileType = sourcecode.c.objc; path = AppDelegate.m; sourceTree = "<group>"; };
		EEC5DB111CD7EED700705D4E /* ViewController.h */ = {isa = PBXFileReference; lastKnownFileType = sourcecode.c.h; path = ViewController.h; sourceTree = "<group>"; };
		EEC5DB121CD7EED700705D4E /* ViewController.m */ = {isa = PBXFileReference; lastKnownFileType = sourcecode.c.objc; path = ViewController.m; sourceTree = "<group>"; };
		EEC5DB151CD7EED700705D4E /* Base */ = {isa = PBXFileReference; lastKnownFileType = file.storyboard; name = Base; path = Base.lproj/Main.storyboard; sourceTree = "<group>"; };
		EEC5DB171CD7EED700705D4E /* Assets.xcassets */ = {isa = PBXFileReference; lastKnownFileType = folder.assetcatalog; path = Assets.xcassets; sourceTree = "<group>"; };
		EEC5DB1A1CD7EED700705D4E /* Base */ = {isa = PBXFileReference; lastKnownFileType = file.storyboard; name = Base; path = Base.lproj/LaunchScreen.storyboard; sourceTree = "<group>"; };
		EEC5DB1C1CD7EED700705D4E /* Info.plist */ = {isa = PBXFileReference; lastKnownFileType = text.plist.xml; path = Info.plist; sourceTree = "<group>"; };
		EED4F0D91CD97BCB0054D4DC /* CoreLocation.framework */ = {isa = PBXFileReference; lastKnownFileType = wrapper.framework; name = CoreLocation.framework; path = System/Library/Frameworks/CoreLocation.framework; sourceTree = SDKROOT; };
		EEF9C8091CD96B6A0080528E /* DefaultTheme.bundle */ = {isa = PBXFileReference; lastKnownFileType = "wrapper.plug-in"; path = DefaultTheme.bundle; sourceTree = "<group>"; };
		EEF9C80A1CD96B6A0080528E /* Notificare.plist */ = {isa = PBXFileReference; fileEncoding = 4; lastKnownFileType = text.plist.xml; path = Notificare.plist; sourceTree = "<group>"; };
		EEF9C80B1CD96B6A0080528E /* NotificareTags.plist */ = {isa = PBXFileReference; fileEncoding = 4; lastKnownFileType = text.plist.xml; path = NotificareTags.plist; sourceTree = "<group>"; };
		FCAD11A9DBD542A89664B335 /* Pods.release.xcconfig */ = {isa = PBXFileReference; includeInIndex = 1; lastKnownFileType = text.xcconfig; name = Pods.release.xcconfig; path = "Pods/Target Support Files/Pods/Pods.release.xcconfig"; sourceTree = "<group>"; };
/* End PBXFileReference section */

/* Begin PBXFrameworksBuildPhase section */
		EEC5DB051CD7EED700705D4E /* Frameworks */ = {
			isa = PBXFrameworksBuildPhase;
			buildActionMask = 2147483647;
			files = (
				EED4F0DA1CD97BCB0054D4DC /* CoreLocation.framework in Frameworks */,
				AC6C1F8AAACEFBF7779C8364 /* libPods.a in Frameworks */,
			);
			runOnlyForDeploymentPostprocessing = 0;
		};
/* End PBXFrameworksBuildPhase section */

/* Begin PBXGroup section */
		3D0C74E6D80AC6201C7FCBAE /* Frameworks */ = {
			isa = PBXGroup;
			children = (
				EED4F0D91CD97BCB0054D4DC /* CoreLocation.framework */,
				55987AF43D7F7963D63A6F84 /* libPods.a */,
			);
			name = Frameworks;
			sourceTree = "<group>";
		};
		BCD5A2976F5E8994844F5CD5 /* Pods */ = {
			isa = PBXGroup;
			children = (
				E9ACE225F2C18C595E21A028 /* Pods.debug.xcconfig */,
				FCAD11A9DBD542A89664B335 /* Pods.release.xcconfig */,
			);
			name = Pods;
			sourceTree = "<group>";
		};
		EEC5DAFF1CD7EED700705D4E = {
			isa = PBXGroup;
			children = (
				EEC5DB0A1CD7EED700705D4E /* Mapper */,
				EEC5DB091CD7EED700705D4E /* Products */,
				BCD5A2976F5E8994844F5CD5 /* Pods */,
				3D0C74E6D80AC6201C7FCBAE /* Frameworks */,
			);
			sourceTree = "<group>";
		};
		EEC5DB091CD7EED700705D4E /* Products */ = {
			isa = PBXGroup;
			children = (
				EEC5DB081CD7EED700705D4E /* Mapper.app */,
			);
			name = Products;
			sourceTree = "<group>";
		};
		EEC5DB0A1CD7EED700705D4E /* Mapper */ = {
			isa = PBXGroup;
			children = (
				EEF9C8041CD9697A0080528E /* Views */,
				EEF9C8031CD969680080528E /* Controllers */,
				EEC5DB0E1CD7EED700705D4E /* AppDelegate.h */,
				EEC5DB0F1CD7EED700705D4E /* AppDelegate.m */,
				EEC5DB0B1CD7EED700705D4E /* Supporting Files */,
			);
			path = Mapper;
			sourceTree = "<group>";
		};
		EEC5DB0B1CD7EED700705D4E /* Supporting Files */ = {
			isa = PBXGroup;
			children = (
				EEC5DB171CD7EED700705D4E /* Assets.xcassets */,
				EEC5DB1C1CD7EED700705D4E /* Info.plist */,
				EEC5DB0C1CD7EED700705D4E /* main.m */,
				EEF9C8091CD96B6A0080528E /* DefaultTheme.bundle */,
				EEF9C80A1CD96B6A0080528E /* Notificare.plist */,
				EEF9C80B1CD96B6A0080528E /* NotificareTags.plist */,
			);
			name = "Supporting Files";
			sourceTree = "<group>";
		};
		EEF9C8031CD969680080528E /* Controllers */ = {
			isa = PBXGroup;
			children = (
				EEC5DB111CD7EED700705D4E /* ViewController.h */,
				EEC5DB121CD7EED700705D4E /* ViewController.m */,
			);
			name = Controllers;
			sourceTree = "<group>";
		};
		EEF9C8041CD9697A0080528E /* Views */ = {
			isa = PBXGroup;
			children = (
				EEC5DB191CD7EED700705D4E /* LaunchScreen.storyboard */,
				EEC5DB141CD7EED700705D4E /* Main.storyboard */,
			);
			name = Views;
			sourceTree = "<group>";
		};
/* End PBXGroup section */

/* Begin PBXNativeTarget section */
		EEC5DB071CD7EED700705D4E /* Mapper */ = {
			isa = PBXNativeTarget;
			buildConfigurationList = EEC5DB1F1CD7EED700705D4E /* Build configuration list for PBXNativeTarget "Mapper" */;
			buildPhases = (
				09D4A1906590A982FF912589 /* Check Pods Manifest.lock */,
				EEC5DB041CD7EED700705D4E /* Sources */,
				EEC5DB051CD7EED700705D4E /* Frameworks */,
				EEC5DB061CD7EED700705D4E /* Resources */,
				69CC0AFE6B21DC31EFB0FAFC /* Copy Pods Resources */,
				7F836B1B43D412BBEB4355FD /* Embed Pods Frameworks */,
			);
			buildRules = (
			);
			dependencies = (
			);
			name = Mapper;
			productName = Mapper;
			productReference = EEC5DB081CD7EED700705D4E /* Mapper.app */;
			productType = "com.apple.product-type.application";
		};
/* End PBXNativeTarget section */

/* Begin PBXProject section */
		EEC5DB001CD7EED700705D4E /* Project object */ = {
			isa = PBXProject;
			attributes = {
				LastUpgradeCheck = 0730;
				ORGANIZATIONNAME = flypocket;
				TargetAttributes = {
					EEC5DB071CD7EED700705D4E = {
						CreatedOnToolsVersion = 7.3;
						DevelopmentTeam = G9FW45NEMR;
					};
				};
			};
			buildConfigurationList = EEC5DB031CD7EED700705D4E /* Build configuration list for PBXProject "Mapper" */;
			compatibilityVersion = "Xcode 3.2";
			developmentRegion = English;
			hasScannedForEncodings = 0;
			knownRegions = (
				en,
				Base,
			);
			mainGroup = EEC5DAFF1CD7EED700705D4E;
			productRefGroup = EEC5DB091CD7EED700705D4E /* Products */;
			projectDirPath = "";
			projectRoot = "";
			targets = (
				EEC5DB071CD7EED700705D4E /* Mapper */,
			);
		};
/* End PBXProject section */

/* Begin PBXResourcesBuildPhase section */
		EEC5DB061CD7EED700705D4E /* Resources */ = {
			isa = PBXResourcesBuildPhase;
			buildActionMask = 2147483647;
			files = (
				EEF9C80D1CD96B6A0080528E /* Notificare.plist in Resources */,
				EEF9C80E1CD96B6A0080528E /* NotificareTags.plist in Resources */,
				EEC5DB1B1CD7EED700705D4E /* LaunchScreen.storyboard in Resources */,
				EEC5DB181CD7EED700705D4E /* Assets.xcassets in Resources */,
				EEC5DB161CD7EED700705D4E /* Main.storyboard in Resources */,
				EEF9C80C1CD96B6A0080528E /* DefaultTheme.bundle in Resources */,
			);
			runOnlyForDeploymentPostprocessing = 0;
		};
/* End PBXResourcesBuildPhase section */

/* Begin PBXShellScriptBuildPhase section */
		09D4A1906590A982FF912589 /* Check Pods Manifest.lock */ = {
			isa = PBXShellScriptBuildPhase;
			buildActionMask = 2147483647;
			files = (
			);
			inputPaths = (
			);
			name = "Check Pods Manifest.lock";
			outputPaths = (
			);
			runOnlyForDeploymentPostprocessing = 0;
			shellPath = /bin/sh;
			shellScript = "diff \"${PODS_ROOT}/../Podfile.lock\" \"${PODS_ROOT}/Manifest.lock\" > /dev/null\nif [[ $? != 0 ]] ; then\n    cat << EOM\nerror: The sandbox is not in sync with the Podfile.lock. Run 'pod install' or update your CocoaPods installation.\nEOM\n    exit 1\nfi\n";
			showEnvVarsInLog = 0;
		};
		69CC0AFE6B21DC31EFB0FAFC /* Copy Pods Resources */ = {
			isa = PBXShellScriptBuildPhase;
			buildActionMask = 2147483647;
			files = (
			);
			inputPaths = (
			);
			name = "Copy Pods Resources";
			outputPaths = (
			);
			runOnlyForDeploymentPostprocessing = 0;
			shellPath = /bin/sh;
			shellScript = "\"${SRCROOT}/Pods/Target Support Files/Pods/Pods-resources.sh\"\n";
			showEnvVarsInLog = 0;
		};
		7F836B1B43D412BBEB4355FD /* Embed Pods Frameworks */ = {
			isa = PBXShellScriptBuildPhase;
			buildActionMask = 2147483647;
			files = (
			);
			inputPaths = (
			);
			name = "Embed Pods Frameworks";
			outputPaths = (
			);
			runOnlyForDeploymentPostprocessing = 0;
			shellPath = /bin/sh;
			shellScript = "\"${SRCROOT}/Pods/Target Support Files/Pods/Pods-frameworks.sh\"\n";
			showEnvVarsInLog = 0;
		};
/* End PBXShellScriptBuildPhase section */

/* Begin PBXSourcesBuildPhase section */
		EEC5DB041CD7EED700705D4E /* Sources */ = {
			isa = PBXSourcesBuildPhase;
			buildActionMask = 2147483647;
			files = (
				EEC5DB131CD7EED700705D4E /* ViewController.m in Sources */,
				EEC5DB101CD7EED700705D4E /* AppDelegate.m in Sources */,
				EEC5DB0D1CD7EED700705D4E /* main.m in Sources */,
			);
			runOnlyForDeploymentPostprocessing = 0;
		};
/* End PBXSourcesBuildPhase section */

/* Begin PBXVariantGroup section */
		EEC5DB141CD7EED700705D4E /* Main.storyboard */ = {
			isa = PBXVariantGroup;
			children = (
				EEC5DB151CD7EED700705D4E /* Base */,
			);
			name = Main.storyboard;
			sourceTree = "<group>";
		};
		EEC5DB191CD7EED700705D4E /* LaunchScreen.storyboard */ = {
			isa = PBXVariantGroup;
			children = (
				EEC5DB1A1CD7EED700705D4E /* Base */,
			);
			name = LaunchScreen.storyboard;
			sourceTree = "<group>";
		};
/* End PBXVariantGroup section */

/* Begin XCBuildConfiguration section */
		EEC5DB1D1CD7EED700705D4E /* Debug */ = {
			isa = XCBuildConfiguration;
			buildSettings = {
				ALWAYS_SEARCH_USER_PATHS = NO;
				CLANG_ANALYZER_NONNULL = YES;
				CLANG_CXX_LANGUAGE_STANDARD = "gnu++0x";
				CLANG_CXX_LIBRARY = "libc++";
				CLANG_ENABLE_MODULES = YES;
				CLANG_ENABLE_OBJC_ARC = YES;
				CLANG_WARN_BOOL_CONVERSION = YES;
				CLANG_WARN_CONSTANT_CONVERSION = YES;
				CLANG_WARN_DIRECT_OBJC_ISA_USAGE = YES_ERROR;
				CLANG_WARN_EMPTY_BODY = YES;
				CLANG_WARN_ENUM_CONVERSION = YES;
				CLANG_WARN_INT_CONVERSION = YES;
				CLANG_WARN_OBJC_ROOT_CLASS = YES_ERROR;
				CLANG_WARN_UNREACHABLE_CODE = YES;
				CLANG_WARN__DUPLICATE_METHOD_MATCH = YES;
				"CODE_SIGN_IDENTITY[sdk=iphoneos*]" = "iPhone Developer";
				COPY_PHASE_STRIP = NO;
				DEBUG_INFORMATION_FORMAT = dwarf;
				ENABLE_STRICT_OBJC_MSGSEND = YES;
				ENABLE_TESTABILITY = YES;
				GCC_C_LANGUAGE_STANDARD = gnu99;
				GCC_DYNAMIC_NO_PIC = NO;
				GCC_NO_COMMON_BLOCKS = YES;
				GCC_OPTIMIZATION_LEVEL = 0;
				GCC_PREPROCESSOR_DEFINITIONS = (
					"DEBUG=1",
					"$(inherited)",
				);
				GCC_WARN_64_TO_32_BIT_CONVERSION = YES;
				GCC_WARN_ABOUT_RETURN_TYPE = YES_ERROR;
				GCC_WARN_UNDECLARED_SELECTOR = YES;
				GCC_WARN_UNINITIALIZED_AUTOS = YES_AGGRESSIVE;
				GCC_WARN_UNUSED_FUNCTION = YES;
				GCC_WARN_UNUSED_VARIABLE = YES;
				IPHONEOS_DEPLOYMENT_TARGET = 9.3;
				MTL_ENABLE_DEBUG_INFO = YES;
				ONLY_ACTIVE_ARCH = YES;
				SDKROOT = iphoneos;
			};
			name = Debug;
		};
		EEC5DB1E1CD7EED700705D4E /* Release */ = {
			isa = XCBuildConfiguration;
			buildSettings = {
				ALWAYS_SEARCH_USER_PATHS = NO;
				CLANG_ANALYZER_NONNULL = YES;
				CLANG_CXX_LANGUAGE_STANDARD = "gnu++0x";
				CLANG_CXX_LIBRARY = "libc++";
				CLANG_ENABLE_MODULES = YES;
				CLANG_ENABLE_OBJC_ARC = YES;
				CLANG_WARN_BOOL_CONVERSION = YES;
				CLANG_WARN_CONSTANT_CONVERSION = YES;
				CLANG_WARN_DIRECT_OBJC_ISA_USAGE = YES_ERROR;
				CLANG_WARN_EMPTY_BODY = YES;
				CLANG_WARN_ENUM_CONVERSION = YES;
				CLANG_WARN_INT_CONVERSION = YES;
				CLANG_WARN_OBJC_ROOT_CLASS = YES_ERROR;
				CLANG_WARN_UNREACHABLE_CODE = YES;
				CLANG_WARN__DUPLICATE_METHOD_MATCH = YES;
				"CODE_SIGN_IDENTITY[sdk=iphoneos*]" = "iPhone Developer";
				COPY_PHASE_STRIP = NO;
				DEBUG_INFORMATION_FORMAT = "dwarf-with-dsym";
				ENABLE_NS_ASSERTIONS = NO;
				ENABLE_STRICT_OBJC_MSGSEND = YES;
				GCC_C_LANGUAGE_STANDARD = gnu99;
				GCC_NO_COMMON_BLOCKS = YES;
				GCC_WARN_64_TO_32_BIT_CONVERSION = YES;
				GCC_WARN_ABOUT_RETURN_TYPE = YES_ERROR;
				GCC_WARN_UNDECLARED_SELECTOR = YES;
				GCC_WARN_UNINITIALIZED_AUTOS = YES_AGGRESSIVE;
				GCC_WARN_UNUSED_FUNCTION = YES;
				GCC_WARN_UNUSED_VARIABLE = YES;
				IPHONEOS_DEPLOYMENT_TARGET = 9.3;
				MTL_ENABLE_DEBUG_INFO = NO;
				SDKROOT = iphoneos;
				VALIDATE_PRODUCT = YES;
			};
			name = Release;
		};
		EEC5DB201CD7EED700705D4E /* Debug */ = {
			isa = XCBuildConfiguration;
			baseConfigurationReference = E9ACE225F2C18C595E21A028 /* Pods.debug.xcconfig */;
			buildSettings = {
				ASSETCATALOG_COMPILER_APPICON_NAME = AppIcon;
				CODE_SIGN_IDENTITY = "iPhone Developer";
				INFOPLIST_FILE = Mapper/Info.plist;
				IPHONEOS_DEPLOYMENT_TARGET = 9.0;
				LD_RUNPATH_SEARCH_PATHS = "$(inherited) @executable_path/Frameworks";
				PRODUCT_BUNDLE_IDENTIFIER = com.flypocket.Mapper;
				PRODUCT_NAME = "$(TARGET_NAME)";
			};
			name = Debug;
		};
		EEC5DB211CD7EED700705D4E /* Release */ = {
			isa = XCBuildConfiguration;
			baseConfigurationReference = FCAD11A9DBD542A89664B335 /* Pods.release.xcconfig */;
			buildSettings = {
				ASSETCATALOG_COMPILER_APPICON_NAME = AppIcon;
				CODE_SIGN_IDENTITY = "iPhone Developer";
				INFOPLIST_FILE = Mapper/Info.plist;
				IPHONEOS_DEPLOYMENT_TARGET = 9.0;
				LD_RUNPATH_SEARCH_PATHS = "$(inherited) @executable_path/Frameworks";
				PRODUCT_BUNDLE_IDENTIFIER = com.flypocket.Mapper;
				PRODUCT_NAME = "$(TARGET_NAME)";
			};
			name = Release;
		};
/* End XCBuildConfiguration section */

/* Begin XCConfigurationList section */
		EEC5DB031CD7EED700705D4E /* Build configuration list for PBXProject "Mapper" */ = {
			isa = XCConfigurationList;
			buildConfigurations = (
				EEC5DB1D1CD7EED700705D4E /* Debug */,
				EEC5DB1E1CD7EED700705D4E /* Release */,
			);
			defaultConfigurationIsVisible = 0;
			defaultConfigurationName = Release;
		};
		EEC5DB1F1CD7EED700705D4E /* Build configuration list for PBXNativeTarget "Mapper" */ = {
			isa = XCConfigurationList;
			buildConfigurations = (
				EEC5DB201CD7EED700705D4E /* Debug */,
				EEC5DB211CD7EED700705D4E /* Release */,
			);
			defaultConfigurationIsVisible = 0;
			defaultConfigurationName = Release;
		};
/* End XCConfigurationList section */
	};
	rootObject = EEC5DB001CD7EED700705D4E /* Project object */;
}
